<?xml version="1.0" encoding="utf-8"?>
<Project ToolsVersion="4.0" xmlns="http://schemas.microsoft.com/developer/msbuild/2003">
  <ItemGroup>
    <Filter Include="Quelldateien">
      <UniqueIdentifier>{4FC737F1-C7A5-4376-A066-2A32D752A2FF}</UniqueIdentifier>
      <Extensions>cpp;c;cc;cxx;def;odl;idl;hpj;bat;asm;asmx</Extensions>
    </Filter>
    <Filter Include="Headerdateien">
      <UniqueIdentifier>{93995380-89BD-4b04-88EB-625FBE52EBFB}</UniqueIdentifier>
      <Extensions>h;hh;hpp;hxx;hm;inl;inc;xsd</Extensions>
    </Filter>
    <Filter Include="Ressourcendateien">
      <UniqueIdentifier>{67DA6AB6-F800-4c08-8B7A-83BB121AAD01}</UniqueIdentifier>
      <Extensions>rc;ico;cur;bmp;dlg;rc2;rct;bin;rgs;gif;jpg;jpeg;jpe;resx;tiff;tif;png;wav;mfcribbon-ms</Extensions>
    </Filter>
  </ItemGroup>
  <ItemGroup>
    <ClInclude Include="stdafx.h">
      <Filter>Headerdateien</Filter>
    </ClInclude>
    <ClInclude Include="Client.h">
      <Filter>Headerdateien</Filter>
    </ClInclude>
    <ClInclude Include="ConfiguratedTexture.h">
      <Filter>Headerdateien</Filter>
    </ClInclude>
    <ClInclude Include="World\Chunk.h">
      <Filter>Headerdateien</Filter>
    </ClInclude>
    <ClInclude Include="World\World.h">
      <Filter>Headerdateien</Filter>
    </ClInclude>
    <ClInclude Include="World\Tile.h">
      <Filter>Headerdateien</Filter>
    </ClInclude>
    <ClInclude Include="Network\MessageHandlers.h">
      <Filter>Headerdateien</Filter>
    </ClInclude>
    <ClInclude Include="Network\Messages.h">
      <Filter>Headerdateien</Filter>
    </ClInclude>
    <ClInclude Include="Drawing\Camera.h">
      <Filter>Headerdateien</Filter>
    </ClInclude>
    <ClInclude Include="Drawing\Animation.h">
      <Filter>Headerdateien</Filter>
    </ClInclude>
    <ClInclude Include="GameState\GameState.h">
      <Filter>Headerdateien</Filter>
    </ClInclude>
    <ClInclude Include="GameState\GameStates.h">
      <Filter>Headerdateien</Filter>
    </ClInclude>
    <ClInclude Include="Settings\AnimationSettings.h">
      <Filter>Headerdateien</Filter>
    </ClInclude>
    <ClInclude Include="Settings\TileSettings.h">
      <Filter>Headerdateien</Filter>
    </ClInclude>
    <ClInclude Include="GUI\GuiElement.h">
      <Filter>Headerdateien</Filter>
    </ClInclude>
    <ClInclude Include="GameState\Editor\BrushSystem.h">
      <Filter>Headerdateien</Filter>
    </ClInclude>
    <ClInclude Include="ClientDatabase.h">
      <Filter>Headerdateien</Filter>
    </ClInclude>
    <ClInclude Include="GameState\Editor\EditorGuiPlugins.h">
      <Filter>Headerdateien</Filter>
    </ClInclude>
    <ClInclude Include="GameState\Editor\EditorGuiElements.h">
      <Filter>Headerdateien</Filter>
    </ClInclude>
    <ClInclude Include="World\Entity.h">
      <Filter>Headerdateien</Filter>
    </ClInclude>
    <ClInclude Include="Settings\EntitySettings.h">
      <Filter>Headerdateien</Filter>
    </ClInclude>
  </ItemGroup>
  <ItemGroup>
    <ClCompile Include="connect.h">
      <Filter>Quelldateien</Filter>
    </ClCompile>
    <ClCompile Include="_quelldateien\Client.cpp">
      <Filter>Quelldateien</Filter>
    </ClCompile>
    <ClCompile Include="_quelldateien\ConfiguratedTexture.cpp">
      <Filter>Quelldateien</Filter>
    </ClCompile>
    <ClCompile Include="_quelldateien\Camera.cpp">
      <Filter>Quelldateien</Filter>
    </ClCompile>
    <ClCompile Include="_quelldateien\Tile.cpp">
      <Filter>Quelldateien</Filter>
    </ClCompile>
    <ClCompile Include="_quelldateien\Chunk.cpp">
      <Filter>Quelldateien</Filter>
    </ClCompile>
    <ClCompile Include="_quelldateien\World.cpp">
      <Filter>Quelldateien</Filter>
    </ClCompile>
    <ClCompile Include="_quelldateien\Animation.cpp">
      <Filter>Quelldateien</Filter>
    </ClCompile>
    <ClCompile Include="_quelldateien\GuiManager.cpp">
      <Filter>Quelldateien</Filter>
    </ClCompile>
    <ClCompile Include="_quelldateien\GameStates.cpp">
      <Filter>Quelldateien</Filter>
    </ClCompile>
    <ClCompile Include="_quelldateien\AnimationSettings.cpp">
      <Filter>Quelldateien</Filter>
    </ClCompile>
    <ClCompile Include="_quelldateien\TileSettings.cpp">
      <Filter>Quelldateien</Filter>
    </ClCompile>
    <ClCompile Include="_quelldateien\ClientDatabase.cpp">
      <Filter>Quelldateien</Filter>
    </ClCompile>
    <ClCompile Include="_quelldateien\EditorGuiElements.cpp">
      <Filter>Quelldateien</Filter>
    </ClCompile>
    <ClCompile Include="_quelldateien\ClientDatabaseResourceUser.cpp">
      <Filter>Quelldateien</Filter>
    </ClCompile>
    <ClCompile Include="_quelldateien\BrushSystem.cpp">
      <Filter>Quelldateien</Filter>
    </ClCompile>
    <ClCompile Include="_quelldateien\EditorGuiPlugins.cpp">
      <Filter>Quelldateien</Filter>
    </ClCompile>
    <ClCompile Include="_quelldateien\GuiElement.cpp">
      <Filter>Quelldateien</Filter>
    </ClCompile>
    <ClCompile Include="_quelldateien\MessageHandlers.cpp">
      <Filter>Quelldateien</Filter>
    </ClCompile>
    <ClCompile Include="_quelldateien\Messages.cpp">
      <Filter>Quelldateien</Filter>
    </ClCompile>
    <ClCompile Include="_quelldateien\Entity.cpp">
      <Filter>Quelldateien</Filter>
    </ClCompile>
    <ClCompile Include="_quelldateien\EntitySettings.cpp">
      <Filter>Quelldateien</Filter>
    </ClCompile>
  </ItemGroup>
</Project>